{
    "_readme": [
        "This file locks the dependencies of your project to a known state",
        "Read more about it at http://getcomposer.org/doc/01-basic-usage.md#composer-lock-the-lock-file"
    ],
    "hash": "ef6e0bf04a1c5036af208b25bf7f8308",
    "packages": [
        {
            "name": "nette/nette",
            "version": "v2.0.10",
            "source": {
                "type": "git",
                "url": "https://github.com/nette/nette.git",
                "reference": "v2.0.10"
            },
            "dist": {
                "type": "zip",
                "url": "https://api.github.com/repos/nette/nette/zipball/v2.0.10",
                "reference": "v2.0.10",
                "shasum": ""
            },
            "require": {
                "ext-iconv": "*",
                "ext-tokenizer": "*",
                "php": ">=5.3.0"
            },
            "require-dev": {
                "nette/tester": "@dev"
            },
            "suggest": {
                "ext-fileinfo": "*",
                "ext-gd": "*",
                "ext-mbstring": "*",
                "ext-memcache": "*",
                "ext-pdo": "*"
            },
            "type": "library",
            "extra": {
                "branch-alias": {
                    "dev-master": "2.1-dev"
                }
            },
            "autoload": {
                "files": [
                    "Nette/loader.php"
                ]
            },
            "notification-url": "https://packagist.org/downloads/",
            "license": [
                "BSD-3-Clause",
                "GPL-2.0",
                "GPL-3.0"
            ],
            "authors": [
                {
                    "name": "David Grudl",
                    "homepage": "http://davidgrudl.com"
                },
                {
                    "name": "Nette Community",
                    "homepage": "http://nette.org/contributors"
                }
            ],
            "description": "Nette Framework - innovative framework for fast and easy development of secured web applications in PHP. Write less, have cleaner code and your work will bring you joy.",
            "homepage": "http://nette.org",
            "keywords": [
                "Forms",
                "database",
                "dbal",
                "debugging",
                "framework",
                "images",
                "latte",
                "mailing",
                "micro",
                "mvc",
                "neon",
                "templating"
            ],
            "time": "2013-03-08 15:44:35"
        }
    ],
    "packages-dev": null,
    "aliases": [

    ],
    "minimum-stability": "stable",
    "stability-flags": {
        "nette/tester": 20
    },
    "platform": {
        "php": ">= 5.3.0"
    },
    "platform-dev": [

    ]
}
