{
    "_readme": [
        "This file locks the dependencies of your project to a known state",
        "Read more about it at https://getcomposer.org/doc/01-basic-usage.md#composer-lock-the-lock-file",
        "This file is @generated automatically"
    ],
    "hash": "d7ce5b8ada7fbd40cc3bbbcca85e35e2",
    "content-hash": "6d7e60fc78bfe51c217878efb05e628d",
    "packages": [
        {
            "name": "latte/latte",
            "version": "dev-master",
            "source": {
                "type": "git",
                "url": "https://github.com/nette/latte.git",
                "reference": "88153143d670ff57168e9ef4798a377a38452c33"
            },
            "dist": {
                "type": "zip",
                "url": "https://api.github.com/repos/nette/latte/zipball/88153143d670ff57168e9ef4798a377a38452c33",
                "reference": "88153143d670ff57168e9ef4798a377a38452c33",
                "shasum": ""
            },
            "require": {
                "ext-tokenizer": "*",
                "php": ">=5.4.4"
            },
            "conflict": {
                "nette/application": "<2.4"
            },
            "require-dev": {
                "nette/tester": "~2.0",
                "tracy/tracy": "^2.3"
            },
            "suggest": {
                "ext-fileinfo": "to use filter |datastream",
                "ext-mbstring": "to use filters like lower, upper, capitalize, ..."
            },
            "type": "library",
            "extra": {
                "branch-alias": {
                    "dev-master": "2.4-dev"
                }
            },
            "autoload": {
                "classmap": [
                    "src/"
                ]
            },
            "notification-url": "https://packagist.org/downloads/",
            "license": [
                "BSD-3-Clause",
                "GPL-2.0",
                "GPL-3.0"
            ],
            "authors": [
                {
                    "name": "David Grudl",
                    "homepage": "https://davidgrudl.com"
                },
                {
                    "name": "Nette Community",
                    "homepage": "https://nette.org/contributors"
                }
            ],
            "description": "Latte: the amazing template engine for PHP",
            "homepage": "https://latte.nette.org",
            "keywords": [
                "templating",
                "twig"
            ],
            "time": "2016-07-05 15:39:30"
        },
        {
            "name": "nette/application",
            "version": "dev-master",
            "source": {
                "type": "git",
                "url": "https://github.com/nette/application.git",
                "reference": "b9b8166c424db14428c1cf1447dbdca673aae697"
            },
            "dist": {
                "type": "zip",
                "url": "https://api.github.com/repos/nette/application/zipball/b9b8166c424db14428c1cf1447dbdca673aae697",
                "reference": "b9b8166c424db14428c1cf1447dbdca673aae697",
                "shasum": ""
            },
            "require": {
                "nette/component-model": "~2.3",
                "nette/http": "~2.2",
                "nette/reflection": "~2.2",
                "nette/utils": "~2.4",
                "php": ">=5.6.0"
            },
            "conflict": {
                "nette/di": "<2.4",
                "nette/forms": "<2.4",
                "nette/latte": "<2.4",
                "nette/nette": "<2.2"
            },
            "require-dev": {
                "latte/latte": "~2.4",
                "nette/di": "~2.4",
                "nette/forms": "~2.4",
                "nette/robot-loader": "~2.4",
                "nette/security": "~2.4",
                "nette/tester": "~2.0",
                "tracy/tracy": "^2.4"
            },
            "suggest": {
                "latte/latte": "Allows using Latte in templates",
                "nette/forms": "Allows to use Nette\\Application\\UI\\Form"
            },
            "type": "library",
            "extra": {
                "branch-alias": {
                    "dev-master": "2.4-dev"
                }
            },
            "autoload": {
                "classmap": [
                    "src/"
                ],
                "files": [
                    "src/compatibility.php"
                ]
            },
            "notification-url": "https://packagist.org/downloads/",
            "license": [
                "BSD-3-Clause",
                "GPL-2.0",
                "GPL-3.0"
            ],
            "authors": [
                {
                    "name": "David Grudl",
                    "homepage": "https://davidgrudl.com"
                },
                {
                    "name": "Nette Community",
                    "homepage": "https://nette.org/contributors"
                }
            ],
            "description": "Nette Application MVC Component",
            "homepage": "https://nette.org",
            "time": "2016-06-25 20:01:08"
        },
        {
            "name": "nette/bootstrap",
            "version": "dev-master",
            "source": {
                "type": "git",
                "url": "https://github.com/nette/bootstrap.git",
                "reference": "322f41597c935110e3611ca7cdf9b2f855841cda"
            },
            "dist": {
                "type": "zip",
                "url": "https://api.github.com/repos/nette/bootstrap/zipball/322f41597c935110e3611ca7cdf9b2f855841cda",
                "reference": "322f41597c935110e3611ca7cdf9b2f855841cda",
                "shasum": ""
            },
            "require": {
                "nette/di": "~2.4.0",
                "nette/utils": "~2.4",
                "php": ">=5.6.0"
            },
            "conflict": {
                "nette/nette": "<2.2"
            },
            "require-dev": {
                "latte/latte": "~2.2",
                "nette/application": "~2.3",
                "nette/caching": "~2.3",
                "nette/database": "~2.3",
                "nette/forms": "~2.3",
                "nette/http": "~2.4.0",
                "nette/mail": "~2.3",
                "nette/robot-loader": "~2.2",
                "nette/safe-stream": "~2.2",
                "nette/security": "~2.3",
                "nette/tester": "~2.0",
                "tracy/tracy": "^2.4.1"
            },
            "suggest": {
                "nette/robot-loader": "to use Configurator::createRobotLoader()",
                "tracy/tracy": "to use Configurator::enableDebugger()"
            },
            "type": "library",
            "extra": {
                "branch-alias": {
                    "dev-master": "2.4-dev"
                }
            },
            "autoload": {
                "classmap": [
                    "src/"
                ]
            },
            "notification-url": "https://packagist.org/downloads/",
            "license": [
                "BSD-3-Clause",
                "GPL-2.0",
                "GPL-3.0"
            ],
            "authors": [
                {
                    "name": "David Grudl",
                    "homepage": "https://davidgrudl.com"
                },
                {
                    "name": "Nette Community",
                    "homepage": "https://nette.org/contributors"
                }
            ],
            "description": "Nette Bootstrap",
            "homepage": "https://nette.org",
            "time": "2016-06-25 11:54:52"
        },
        {
            "name": "nette/caching",
            "version": "dev-master",
            "source": {
                "type": "git",
                "url": "https://github.com/nette/caching.git",
                "reference": "9a41df412418eebea718a75f67b869f3dfa2baa0"
            },
            "dist": {
                "type": "zip",
                "url": "https://api.github.com/repos/nette/caching/zipball/9a41df412418eebea718a75f67b869f3dfa2baa0",
                "reference": "9a41df412418eebea718a75f67b869f3dfa2baa0",
                "shasum": ""
            },
            "require": {
                "nette/finder": "~2.2",
                "nette/utils": "~2.4",
                "php": ">=5.6.0"
            },
            "conflict": {
                "nette/nette": "<2.2"
            },
            "require-dev": {
                "latte/latte": "~2.4",
                "nette/di": "~2.4",
                "nette/tester": "~2.0",
                "tracy/tracy": "^2.4"
            },
            "type": "library",
            "extra": {
                "branch-alias": {
                    "dev-master": "2.5-dev"
                }
            },
            "autoload": {
                "classmap": [
                    "src/"
                ]
            },
            "notification-url": "https://packagist.org/downloads/",
            "license": [
                "BSD-3-Clause",
                "GPL-2.0",
                "GPL-3.0"
            ],
            "authors": [
                {
                    "name": "David Grudl",
                    "homepage": "https://davidgrudl.com"
                },
                {
                    "name": "Nette Community",
                    "homepage": "https://nette.org/contributors"
                }
            ],
            "description": "Nette Caching Component",
            "homepage": "https://nette.org",
            "time": "2016-06-27 19:13:25"
        },
        {
            "name": "nette/component-model",
            "version": "dev-master",
            "source": {
                "type": "git",
                "url": "https://github.com/nette/component-model.git",
                "reference": "9b5817b246bf409b8f0f8309c23e599dd8729d28"
            },
            "dist": {
                "type": "zip",
                "url": "https://api.github.com/repos/nette/component-model/zipball/9b5817b246bf409b8f0f8309c23e599dd8729d28",
                "reference": "9b5817b246bf409b8f0f8309c23e599dd8729d28",
                "shasum": ""
            },
            "require": {
                "nette/utils": "^2.4",
                "php": ">=5.6.0"
            },
            "conflict": {
                "nette/application": "<2.4",
                "nette/nette": "<2.2"
            },
            "require-dev": {
                "nette/tester": "~2.0",
                "tracy/tracy": "^2.3"
            },
            "type": "library",
            "extra": {
                "branch-alias": {
                    "dev-master": "2.3-dev"
                }
            },
            "autoload": {
                "classmap": [
                    "src/"
                ]
            },
            "notification-url": "https://packagist.org/downloads/",
            "license": [
                "BSD-3-Clause",
                "GPL-2.0",
                "GPL-3.0"
            ],
            "authors": [
                {
                    "name": "David Grudl",
                    "homepage": "https://davidgrudl.com"
                },
                {
                    "name": "Nette Community",
                    "homepage": "https://nette.org/contributors"
                }
            ],
            "description": "Nette Component Model",
            "homepage": "https://nette.org",
            "time": "2016-06-17 17:36:56"
        },
        {
            "name": "nette/database",
            "version": "dev-master",
            "source": {
                "type": "git",
                "url": "https://github.com/nette/database.git",
                "reference": "05aa9112f3da7cf0ef799ad6b0fe223485deb827"
            },
            "dist": {
                "type": "zip",
                "url": "https://api.github.com/repos/nette/database/zipball/05aa9112f3da7cf0ef799ad6b0fe223485deb827",
                "reference": "05aa9112f3da7cf0ef799ad6b0fe223485deb827",
                "shasum": ""
            },
            "require": {
                "ext-pdo": "*",
                "nette/caching": "~2.2",
                "nette/utils": "~2.4",
                "php": ">=5.6.0"
            },
            "conflict": {
                "nette/nette": "<2.2"
            },
            "require-dev": {
                "mockery/mockery": "~1.0.0",
                "nette/di": "~2.4",
                "nette/tester": "~2.0",
                "tracy/tracy": "^2.4"
            },
            "type": "library",
            "extra": {
                "branch-alias": {
                    "dev-master": "2.4-dev"
                }
            },
            "autoload": {
                "classmap": [
                    "src/"
                ]
            },
            "notification-url": "https://packagist.org/downloads/",
            "license": [
                "BSD-3-Clause",
                "GPL-2.0",
                "GPL-3.0"
            ],
            "authors": [
                {
                    "name": "David Grudl",
                    "homepage": "https://davidgrudl.com"
                },
                {
                    "name": "Nette Community",
                    "homepage": "https://nette.org/contributors"
                }
            ],
            "description": "Nette Database Component",
            "homepage": "https://nette.org",
            "time": "2016-06-28 11:37:57"
        },
        {
            "name": "nette/di",
            "version": "dev-master",
            "source": {
                "type": "git",
                "url": "https://github.com/nette/di.git",
                "reference": "beff1de5c216757fee64a93511408361d9b6365e"
            },
            "dist": {
                "type": "zip",
                "url": "https://api.github.com/repos/nette/di/zipball/beff1de5c216757fee64a93511408361d9b6365e",
                "reference": "beff1de5c216757fee64a93511408361d9b6365e",
                "shasum": ""
            },
            "require": {
                "nette/neon": "^2.3.3",
                "nette/php-generator": "^2.4",
                "nette/utils": "^2.4",
                "php": ">=5.6.0"
            },
            "conflict": {
                "nette/bootstrap": "<2.4",
                "nette/nette": "<2.2"
            },
            "require-dev": {
                "nette/tester": "~2.0",
                "tracy/tracy": "^2.3"
            },
            "type": "library",
            "extra": {
                "branch-alias": {
                    "dev-master": "2.4-dev"
                }
            },
            "autoload": {
                "classmap": [
                    "src/"
                ]
            },
            "notification-url": "https://packagist.org/downloads/",
            "license": [
                "BSD-3-Clause",
                "GPL-2.0",
                "GPL-3.0"
            ],
            "authors": [
                {
                    "name": "David Grudl",
                    "homepage": "https://davidgrudl.com"
                },
                {
                    "name": "Nette Community",
                    "homepage": "https://nette.org/contributors"
                }
            ],
            "description": "Nette Dependency Injection Component",
            "homepage": "https://nette.org",
            "time": "2016-07-07 14:26:22"
        },
        {
            "name": "nette/finder",
            "version": "dev-master",
            "source": {
                "type": "git",
                "url": "https://github.com/nette/finder.git",
                "reference": "5cabd5fe89f9903715359a403b820c7f94f9bb5e"
            },
            "dist": {
                "type": "zip",
                "url": "https://api.github.com/repos/nette/finder/zipball/5cabd5fe89f9903715359a403b820c7f94f9bb5e",
                "reference": "5cabd5fe89f9903715359a403b820c7f94f9bb5e",
                "shasum": ""
            },
            "require": {
                "nette/utils": "~2.4",
                "php": ">=5.6.0"
            },
            "conflict": {
                "nette/nette": "<2.2"
            },
            "require-dev": {
                "nette/tester": "~2.0",
                "tracy/tracy": "^2.3"
            },
            "type": "library",
            "extra": {
                "branch-alias": {
                    "dev-master": "2.4-dev"
                }
            },
            "autoload": {
                "classmap": [
                    "src/"
                ]
            },
            "notification-url": "https://packagist.org/downloads/",
            "license": [
                "BSD-3-Clause",
                "GPL-2.0",
                "GPL-3.0"
            ],
            "authors": [
                {
                    "name": "David Grudl",
                    "homepage": "https://davidgrudl.com"
                },
                {
                    "name": "Nette Community",
                    "homepage": "https://nette.org/contributors"
                }
            ],
            "description": "Nette Finder: Files Searching",
            "homepage": "https://nette.org",
            "time": "2016-05-17 15:49:06"
        },
        {
            "name": "nette/forms",
            "version": "dev-master",
            "source": {
                "type": "git",
                "url": "https://github.com/nette/forms.git",
                "reference": "57295d16f8e90173465735eb6be49a1e3ce614bd"
            },
            "dist": {
                "type": "zip",
                "url": "https://api.github.com/repos/nette/forms/zipball/57295d16f8e90173465735eb6be49a1e3ce614bd",
                "reference": "57295d16f8e90173465735eb6be49a1e3ce614bd",
                "shasum": ""
            },
            "require": {
                "nette/component-model": "~2.3",
                "nette/http": "~2.2",
                "nette/utils": "~2.4",
                "php": ">=5.6.0"
            },
            "conflict": {
                "nette/nette": "<2.2"
            },
            "require-dev": {
                "latte/latte": "~2.4",
                "nette/di": "~2.4",
                "nette/tester": "~2.0",
                "tracy/tracy": "^2.4"
            },
            "type": "library",
            "extra": {
                "branch-alias": {
                    "dev-master": "2.4-dev"
                }
            },
            "autoload": {
                "classmap": [
                    "src/"
                ]
            },
            "notification-url": "https://packagist.org/downloads/",
            "license": [
                "BSD-3-Clause",
                "GPL-2.0",
                "GPL-3.0"
            ],
            "authors": [
                {
                    "name": "David Grudl",
                    "homepage": "https://davidgrudl.com"
                },
                {
                    "name": "Nette Community",
                    "homepage": "https://nette.org/contributors"
                }
            ],
            "description": "Nette Forms: greatly facilitates web forms",
            "homepage": "https://nette.org",
            "time": "2016-07-09 12:02:06"
        },
        {
            "name": "nette/http",
            "version": "dev-master",
            "source": {
                "type": "git",
                "url": "https://github.com/nette/http.git",
                "reference": "36148c1975900419d4f8f7b72c00b83c50e66e21"
            },
            "dist": {
                "type": "zip",
                "url": "https://api.github.com/repos/nette/http/zipball/36148c1975900419d4f8f7b72c00b83c50e66e21",
                "reference": "36148c1975900419d4f8f7b72c00b83c50e66e21",
                "shasum": ""
            },
            "require": {
                "nette/utils": "^2.4",
                "php": ">=5.6.0"
            },
            "conflict": {
                "nette/nette": "<2.2"
            },
            "require-dev": {
                "nette/di": "^2.4",
                "nette/tester": "~2.0",
                "tracy/tracy": "^2.4"
            },
            "suggest": {
                "ext-fileinfo": "to detect type of uploaded files"
            },
            "type": "library",
            "extra": {
                "branch-alias": {
                    "dev-master": "2.4-dev"
                }
            },
            "autoload": {
                "classmap": [
                    "src/"
                ]
            },
            "notification-url": "https://packagist.org/downloads/",
            "license": [
                "BSD-3-Clause",
                "GPL-2.0",
                "GPL-3.0"
            ],
            "authors": [
                {
                    "name": "David Grudl",
                    "homepage": "https://davidgrudl.com"
                },
                {
                    "name": "Nette Community",
                    "homepage": "https://nette.org/contributors"
                }
            ],
            "description": "Nette HTTP Component",
            "homepage": "https://nette.org",
            "time": "2016-06-27 18:25:48"
        },
        {
            "name": "nette/mail",
            "version": "dev-master",
            "source": {
                "type": "git",
                "url": "https://github.com/nette/mail.git",
                "reference": "7be27342aec5921e777ee461b1a77ee217fbc08d"
            },
            "dist": {
                "type": "zip",
                "url": "https://api.github.com/repos/nette/mail/zipball/7be27342aec5921e777ee461b1a77ee217fbc08d",
                "reference": "7be27342aec5921e777ee461b1a77ee217fbc08d",
                "shasum": ""
            },
            "require": {
                "ext-iconv": "*",
                "nette/utils": "~2.4",
                "php": ">=5.6.0"
            },
            "conflict": {
                "nette/nette": "<2.2"
            },
            "require-dev": {
                "nette/di": "~2.4",
                "nette/tester": "~2.0",
                "tracy/tracy": "^2.4"
            },
            "suggest": {
                "ext-fileinfo": "to detect type of attached files"
            },
            "type": "library",
            "extra": {
                "branch-alias": {
                    "dev-master": "2.4-dev"
                }
            },
            "autoload": {
                "classmap": [
                    "src/"
                ]
            },
            "notification-url": "https://packagist.org/downloads/",
            "license": [
                "BSD-3-Clause",
                "GPL-2.0",
                "GPL-3.0"
            ],
            "authors": [
                {
                    "name": "David Grudl",
                    "homepage": "https://davidgrudl.com"
                },
                {
                    "name": "Nette Community",
                    "homepage": "https://nette.org/contributors"
                }
            ],
            "description": "Nette Mail: Sending E-mails",
            "homepage": "https://nette.org",
            "time": "2016-06-27 18:27:07"
        },
        {
            "name": "nette/neon",
            "version": "dev-master",
            "source": {
                "type": "git",
                "url": "https://github.com/nette/neon.git",
                "reference": "c40c63f2afa4196844ac40d9d2a2cfb313f76906"
            },
            "dist": {
                "type": "zip",
                "url": "https://api.github.com/repos/nette/neon/zipball/c40c63f2afa4196844ac40d9d2a2cfb313f76906",
                "reference": "c40c63f2afa4196844ac40d9d2a2cfb313f76906",
                "shasum": ""
            },
            "require": {
                "ext-iconv": "*",
                "php": ">=5.6.0"
            },
            "require-dev": {
                "nette/tester": "~2.0",
                "tracy/tracy": "^2.3"
            },
            "type": "library",
            "extra": {
                "branch-alias": {
                    "dev-master": "2.4-dev"
                }
            },
            "autoload": {
                "classmap": [
                    "src/"
                ]
            },
            "notification-url": "https://packagist.org/downloads/",
            "license": [
                "BSD-3-Clause",
                "GPL-2.0",
                "GPL-3.0"
            ],
            "authors": [
                {
                    "name": "David Grudl",
                    "homepage": "https://davidgrudl.com"
                },
                {
                    "name": "Nette Community",
                    "homepage": "https://nette.org/contributors"
                }
            ],
            "description": "Nette NEON: parser & generator for Nette Object Notation",
            "homepage": "http://ne-on.org",
            "time": "2016-06-25 13:59:48"
        },
        {
            "name": "nette/php-generator",
            "version": "dev-master",
            "source": {
                "type": "git",
                "url": "https://github.com/nette/php-generator.git",
                "reference": "bd62c292f472674d6022d131e6520d1af1543280"
            },
            "dist": {
                "type": "zip",
                "url": "https://api.github.com/repos/nette/php-generator/zipball/bd62c292f472674d6022d131e6520d1af1543280",
                "reference": "bd62c292f472674d6022d131e6520d1af1543280",
                "shasum": ""
            },
            "require": {
                "nette/utils": "~2.4",
                "php": ">=5.6.0"
            },
            "conflict": {
                "nette/nette": "<2.2"
            },
            "require-dev": {
                "nette/tester": "~2.0",
                "tracy/tracy": "^2.3"
            },
            "type": "library",
            "extra": {
                "branch-alias": {
                    "dev-master": "2.4-dev"
                }
            },
            "autoload": {
                "classmap": [
                    "src/"
                ]
            },
            "notification-url": "https://packagist.org/downloads/",
            "license": [
                "BSD-3-Clause",
                "GPL-2.0",
                "GPL-3.0"
            ],
            "authors": [
                {
                    "name": "David Grudl",
                    "homepage": "https://davidgrudl.com"
                },
                {
                    "name": "Nette Community",
                    "homepage": "https://nette.org/contributors"
                }
            ],
            "description": "Nette PHP Generator",
            "homepage": "https://nette.org",
            "time": "2016-06-22 19:02:17"
        },
        {
            "name": "nette/reflection",
            "version": "dev-master",
            "source": {
                "type": "git",
                "url": "https://github.com/nette/reflection.git",
                "reference": "cbc6f2d9a1ecda099ad1ebe3c1f38b8bfc16be4d"
            },
            "dist": {
                "type": "zip",
                "url": "https://api.github.com/repos/nette/reflection/zipball/cbc6f2d9a1ecda099ad1ebe3c1f38b8bfc16be4d",
                "reference": "cbc6f2d9a1ecda099ad1ebe3c1f38b8bfc16be4d",
                "shasum": ""
            },
            "require": {
                "ext-tokenizer": "*",
                "nette/caching": "~2.2",
                "nette/utils": "~2.4",
                "php": ">=5.6.0"
            },
            "conflict": {
                "nette/nette": "<2.2"
            },
            "require-dev": {
                "nette/di": "~2.4",
                "nette/tester": "~2.0",
                "tracy/tracy": "^2.4"
            },
            "type": "library",
            "extra": {
                "branch-alias": {
                    "dev-master": "2.4-dev"
                }
            },
            "autoload": {
                "classmap": [
                    "src/"
                ]
            },
            "notification-url": "https://packagist.org/downloads/",
            "license": [
                "BSD-3-Clause",
                "GPL-2.0",
                "GPL-3.0"
            ],
            "authors": [
                {
                    "name": "David Grudl",
                    "homepage": "https://davidgrudl.com"
                },
                {
                    "name": "Nette Community",
                    "homepage": "https://nette.org/contributors"
                }
            ],
            "description": "Nette PHP Reflection Component",
            "homepage": "https://nette.org",
            "time": "2016-06-27 18:26:16"
        },
        {
            "name": "nette/robot-loader",
            "version": "dev-master",
            "source": {
                "type": "git",
                "url": "https://github.com/nette/robot-loader.git",
                "reference": "e5c86ce8b53c7d4be84244624c67485ee4c92dbc"
            },
            "dist": {
                "type": "zip",
                "url": "https://api.github.com/repos/nette/robot-loader/zipball/e5c86ce8b53c7d4be84244624c67485ee4c92dbc",
                "reference": "e5c86ce8b53c7d4be84244624c67485ee4c92dbc",
                "shasum": ""
            },
            "require": {
                "nette/caching": "~2.2",
                "nette/finder": "~2.3",
                "nette/utils": "~2.4",
                "php": ">=5.6.0"
            },
            "conflict": {
                "nette/nette": "<2.2"
            },
            "require-dev": {
                "nette/tester": "~2.0",
                "tracy/tracy": "^2.3"
            },
            "type": "library",
            "extra": {
                "branch-alias": {
                    "dev-master": "2.4-dev"
                }
            },
            "autoload": {
                "classmap": [
                    "src/"
                ]
            },
            "notification-url": "https://packagist.org/downloads/",
            "license": [
                "BSD-3-Clause",
                "GPL-2.0",
                "GPL-3.0"
            ],
            "authors": [
                {
                    "name": "David Grudl",
                    "homepage": "https://davidgrudl.com"
                },
                {
                    "name": "Nette Community",
                    "homepage": "https://nette.org/contributors"
                }
            ],
            "description": "Nette RobotLoader: comfortable autoloading",
            "homepage": "https://nette.org",
            "time": "2016-05-17 15:49:40"
        },
        {
            "name": "nette/safe-stream",
            "version": "dev-master",
            "source": {
                "type": "git",
                "url": "https://github.com/nette/safe-stream.git",
                "reference": "3ba85ef4a4cf15e2f96b6a0beafe6333f6502fcd"
            },
            "dist": {
                "type": "zip",
                "url": "https://api.github.com/repos/nette/safe-stream/zipball/3ba85ef4a4cf15e2f96b6a0beafe6333f6502fcd",
                "reference": "3ba85ef4a4cf15e2f96b6a0beafe6333f6502fcd",
                "shasum": ""
            },
            "require": {
                "php": ">=5.3.1"
            },
            "conflict": {
                "nette/nette": "<2.2"
            },
            "require-dev": {
                "nette/tester": "~1.7",
                "tracy/tracy": "^2.3"
            },
            "type": "library",
            "extra": {
                "branch-alias": {
                    "dev-master": "2.3-dev"
                }
            },
            "autoload": {
                "files": [
                    "src/loader.php"
                ]
            },
            "notification-url": "https://packagist.org/downloads/",
            "license": [
                "BSD-3-Clause",
                "GPL-2.0",
                "GPL-3.0"
            ],
            "authors": [
                {
                    "name": "David Grudl",
                    "homepage": "https://davidgrudl.com"
                },
                {
                    "name": "Nette Community",
                    "homepage": "https://nette.org/contributors"
                }
            ],
            "description": "Nette SafeStream: Atomic Operations",
            "homepage": "https://nette.org",
            "time": "2016-04-21 13:06:19"
        },
        {
            "name": "nette/security",
            "version": "dev-master",
            "source": {
                "type": "git",
                "url": "https://github.com/nette/security.git",
                "reference": "cc14195f23f08a15dbbcb686ce478291e1915e3c"
            },
            "dist": {
                "type": "zip",
                "url": "https://api.github.com/repos/nette/security/zipball/cc14195f23f08a15dbbcb686ce478291e1915e3c",
                "reference": "cc14195f23f08a15dbbcb686ce478291e1915e3c",
                "shasum": ""
            },
            "require": {
                "nette/utils": "~2.4",
                "php": ">=5.6.0"
            },
            "conflict": {
                "nette/nette": "<2.2"
            },
            "require-dev": {
                "nette/di": "~2.4",
                "nette/http": "~2.4",
                "nette/tester": "~2.0",
                "tracy/tracy": "^2.4"
            },
            "type": "library",
            "extra": {
                "branch-alias": {
                    "dev-master": "2.4-dev"
                }
            },
            "autoload": {
                "classmap": [
                    "src/"
                ]
            },
            "notification-url": "https://packagist.org/downloads/",
            "license": [
                "BSD-3-Clause",
                "GPL-2.0",
                "GPL-3.0"
            ],
            "authors": [
                {
                    "name": "David Grudl",
                    "homepage": "https://davidgrudl.com"
                },
                {
                    "name": "Nette Community",
                    "homepage": "https://nette.org/contributors"
                }
            ],
            "description": "Nette Security: Access Control Component",
            "homepage": "https://nette.org",
            "time": "2016-06-27 19:13:01"
        },
        {
            "name": "nette/utils",
            "version": "dev-master",
            "source": {
                "type": "git",
                "url": "https://github.com/nette/utils.git",
                "reference": "06f54b7671f96826eb181353695483b600ae188d"
            },
            "dist": {
                "type": "zip",
                "url": "https://api.github.com/repos/nette/utils/zipball/06f54b7671f96826eb181353695483b600ae188d",
                "reference": "06f54b7671f96826eb181353695483b600ae188d",
                "shasum": ""
            },
            "require": {
                "php": ">=5.6.0"
            },
            "conflict": {
                "nette/nette": "<2.2"
            },
            "require-dev": {
                "nette/tester": "~2.0",
                "tracy/tracy": "^2.3"
            },
            "suggest": {
                "ext-gd": "to use Image",
                "ext-iconv": "to use Strings::webalize() and toAscii()",
                "ext-intl": "for script transliteration in Strings::webalize() and toAscii()",
                "ext-mbstring": "to use Strings::lower() etc..."
            },
            "type": "library",
            "extra": {
                "branch-alias": {
                    "dev-master": "2.4-dev"
                }
            },
            "autoload": {
                "classmap": [
                    "src/"
                ]
            },
            "notification-url": "https://packagist.org/downloads/",
            "license": [
                "BSD-3-Clause",
                "GPL-2.0",
                "GPL-3.0"
            ],
            "authors": [
                {
                    "name": "David Grudl",
                    "homepage": "https://davidgrudl.com"
                },
                {
                    "name": "Nette Community",
                    "homepage": "https://nette.org/contributors"
                }
            ],
            "description": "Nette Utility Classes",
            "homepage": "https://nette.org",
            "time": "2016-06-27 13:47:19"
        },
        {
            "name": "tracy/tracy",
            "version": "dev-master",
            "source": {
                "type": "git",
                "url": "https://github.com/nette/tracy.git",
                "reference": "89cd0c8cfd7e246a39a504f860cf2fbb5a5095f1"
            },
            "dist": {
                "type": "zip",
                "url": "https://api.github.com/repos/nette/tracy/zipball/89cd0c8cfd7e246a39a504f860cf2fbb5a5095f1",
                "reference": "89cd0c8cfd7e246a39a504f860cf2fbb5a5095f1",
                "shasum": ""
            },
            "require": {
                "php": ">=5.4.4"
            },
            "require-dev": {
                "nette/di": "~2.3",
                "nette/tester": "~2.0"
            },
            "type": "library",
            "extra": {
                "branch-alias": {
                    "dev-master": "2.4-dev"
                }
            },
            "autoload": {
                "classmap": [
                    "src"
                ],
                "files": [
                    "src/shortcuts.php"
                ]
            },
            "notification-url": "https://packagist.org/downloads/",
            "license": [
                "BSD-3-Clause",
                "GPL-2.0",
                "GPL-3.0"
            ],
            "authors": [
                {
                    "name": "David Grudl",
                    "homepage": "https://davidgrudl.com"
                },
                {
                    "name": "Nette Community",
                    "homepage": "https://nette.org/contributors"
                }
            ],
            "description": "Tracy: useful PHP debugger",
            "homepage": "https://tracy.nette.org",
            "keywords": [
                "debug",
                "debugger",
                "nette"
            ],
            "time": "2016-06-30 19:57:01"
        }
    ],
    "packages-dev": [
        {
            "name": "nette/tester",
            "version": "v1.7.1",
            "source": {
                "type": "git",
                "url": "https://github.com/nette/tester.git",
                "reference": "d97534578e8cf66eabe081e7d5eaa4dd527ab0c8"
            },
            "dist": {
                "type": "zip",
                "url": "https://api.github.com/repos/nette/tester/zipball/d97534578e8cf66eabe081e7d5eaa4dd527ab0c8",
                "reference": "d97534578e8cf66eabe081e7d5eaa4dd527ab0c8",
                "shasum": ""
            },
            "require": {
                "php": ">=5.3.0"
            },
            "bin": [
                "src/tester"
            ],
            "type": "library",
            "extra": {
                "branch-alias": {
                    "dev-master": "1.7-dev"
                }
            },
            "autoload": {
                "classmap": [
                    "src/"
                ]
            },
            "notification-url": "https://packagist.org/downloads/",
            "license": [
                "BSD-3-Clause",
                "GPL-2.0",
                "GPL-3.0"
            ],
            "authors": [
                {
                    "name": "David Grudl",
                    "homepage": "https://davidgrudl.com"
                },
                {
                    "name": "Nette Community",
                    "homepage": "https://nette.org/contributors"
                }
            ],
            "description": "An easy-to-use PHP unit testing framework.",
            "homepage": "https://tester.nette.org",
            "keywords": [
                "nette",
                "testing",
                "unit"
            ],
            "time": "2016-03-19 14:34:02"
        }
    ],
    "aliases": [],
    "minimum-stability": "dev",
    "stability-flags": [],
    "prefer-stable": false,
    "prefer-lowest": false,
    "platform": {
        "php": ">= 5.6"
    },
    "platform-dev": []
}
